// !$*UTF8*$!
{
	archiveVersion = 1;
	classes = {
	};
	objectVersion = 77;
	objects = {

/* Begin PBXBuildFile section */
		C61030F62D348D35001C0F3D /* WideMovieCellContainer.swift in Sources */ = {isa = PBXBuildFile; fileRef = C61030F42D348D35001C0F3D /* WideMovieCellContainer.swift */; };
		C61030F72D348D35001C0F3D /* WideMovieCellContainer.xib in Resources */ = {isa = PBXBuildFile; fileRef = C61030F52D348D35001C0F3D /* WideMovieCellContainer.xib */; };
		C62826142D369D8400AA7762 /* Series.swift in Sources */ = {isa = PBXBuildFile; fileRef = C62826132D369D8400AA7762 /* Series.swift */; };
		C628261D2D36D5C800AA7762 /* Notifications.swift in Sources */ = {isa = PBXBuildFile; fileRef = C628261C2D36D5C800AA7762 /* Notifications.swift */; };
		C62826292D36FD2500AA7762 /* DetailVC.xib in Resources */ = {isa = PBXBuildFile; fileRef = C62826282D36FD2500AA7762 /* DetailVC.xib */; };
		C628262A2D36FD2500AA7762 /* DetailVC.swift in Sources */ = {isa = PBXBuildFile; fileRef = C62826272D36FD2500AA7762 /* DetailVC.swift */; };
		C628262E2D37252B00AA7762 /* GetAPI.swift in Sources */ = {isa = PBXBuildFile; fileRef = C628262D2D37252B00AA7762 /* GetAPI.swift */; };
		C62826302D37296B00AA7762 /* Genre.swift in Sources */ = {isa = PBXBuildFile; fileRef = C628262F2D37296B00AA7762 /* Genre.swift */; };
		C62826322D37338300AA7762 /* MovieService.swift in Sources */ = {isa = PBXBuildFile; fileRef = C62826312D37338300AA7762 /* MovieService.swift */; };
		C62826342D37339300AA7762 /* TVService.swift in Sources */ = {isa = PBXBuildFile; fileRef = C62826332D37339300AA7762 /* TVService.swift */; };
		C62826362D3733B300AA7762 /* Enums.swift in Sources */ = {isa = PBXBuildFile; fileRef = C62826352D3733B300AA7762 /* Enums.swift */; };
		C62826382D37D07700AA7762 /* Videos.swift in Sources */ = {isa = PBXBuildFile; fileRef = C62826372D37D07700AA7762 /* Videos.swift */; };
		C628263A2D37E41B00AA7762 /* Launch.storyboard in Resources */ = {isa = PBXBuildFile; fileRef = C62826392D37E41B00AA7762 /* Launch.storyboard */; };
		C628263C2D3805AA00AA7762 /* FirebaseFirestore in Frameworks */ = {isa = PBXBuildFile; productRef = C628263B2D3805AA00AA7762 /* FirebaseFirestore */; };
		C628263E2D384AD000AA7762 /* Protocols.swift in Sources */ = {isa = PBXBuildFile; fileRef = C628263D2D384AD000AA7762 /* Protocols.swift */; };
		C62826402D387C4F00AA7762 /* Bookmark.swift in Sources */ = {isa = PBXBuildFile; fileRef = C628263F2D387C4F00AA7762 /* Bookmark.swift */; };
		C64486102D34050400E1CEA5 /* Assets.xcassets in Resources */ = {isa = PBXBuildFile; fileRef = C64486092D34050400E1CEA5 /* Assets.xcassets */; };
		C64486132D34050400E1CEA5 /* AppDelegate.swift in Sources */ = {isa = PBXBuildFile; fileRef = C64486082D34050400E1CEA5 /* AppDelegate.swift */; };
		C64486142D34050400E1CEA5 /* AuthVC.swift in Sources */ = {isa = PBXBuildFile; fileRef = C644860A2D34050400E1CEA5 /* AuthVC.swift */; };
		C64486152D34050400E1CEA5 /* SceneDelegate.swift in Sources */ = {isa = PBXBuildFile; fileRef = C644860E2D34050400E1CEA5 /* SceneDelegate.swift */; };
		C644861D2D3405D700E1CEA5 /* AuthView.swift in Sources */ = {isa = PBXBuildFile; fileRef = C644861C2D3405D700E1CEA5 /* AuthView.swift */; };
		C64486222D34076800E1CEA5 /* SearchVC.swift in Sources */ = {isa = PBXBuildFile; fileRef = C64486212D34076800E1CEA5 /* SearchVC.swift */; };
		C64486242D34078400E1CEA5 /* TabVC.swift in Sources */ = {isa = PBXBuildFile; fileRef = C64486232D34078400E1CEA5 /* TabVC.swift */; };
		C64486272D34142600E1CEA5 /* FirebaseAuth in Frameworks */ = {isa = PBXBuildFile; productRef = C64486262D34142600E1CEA5 /* FirebaseAuth */; };
		C64486292D34142600E1CEA5 /* FirebaseCore in Frameworks */ = {isa = PBXBuildFile; productRef = C64486282D34142600E1CEA5 /* FirebaseCore */; };
		C644862B2D34149B00E1CEA5 /* GoogleService-Info.plist in Resources */ = {isa = PBXBuildFile; fileRef = C644862A2D34149B00E1CEA5 /* GoogleService-Info.plist */; };
		C644862E2D34157600E1CEA5 /* GoogleSignIn in Frameworks */ = {isa = PBXBuildFile; productRef = C644862D2D34157600E1CEA5 /* GoogleSignIn */; };
		C64486302D34157600E1CEA5 /* GoogleSignInSwift in Frameworks */ = {isa = PBXBuildFile; productRef = C644862F2D34157600E1CEA5 /* GoogleSignInSwift */; };
		C64486322D34243000E1CEA5 /* BookmarkView.swift in Sources */ = {isa = PBXBuildFile; fileRef = C64486312D34243000E1CEA5 /* BookmarkView.swift */; };
		C64486342D34243500E1CEA5 /* BookmarkVC.swift in Sources */ = {isa = PBXBuildFile; fileRef = C64486332D34243500E1CEA5 /* BookmarkVC.swift */; };
		C644863A2D3438BF00E1CEA5 /* HomeScreenVC.swift in Sources */ = {isa = PBXBuildFile; fileRef = C64486392D3438BF00E1CEA5 /* HomeScreenVC.swift */; };
		C644863C2D3438D100E1CEA5 /* HomeScreenView.swift in Sources */ = {isa = PBXBuildFile; fileRef = C644863B2D3438D100E1CEA5 /* HomeScreenView.swift */; };
		C64486472D344BF000E1CEA5 /* WideMovieCell.xib in Resources */ = {isa = PBXBuildFile; fileRef = C64486462D344BF000E1CEA5 /* WideMovieCell.xib */; };
		C64486482D344BF000E1CEA5 /* WideMovieCell.swift in Sources */ = {isa = PBXBuildFile; fileRef = C64486452D344BF000E1CEA5 /* WideMovieCell.swift */; };
		C644864B2D344C0100E1CEA5 /* TallMovieCell.xib in Resources */ = {isa = PBXBuildFile; fileRef = C644864A2D344C0100E1CEA5 /* TallMovieCell.xib */; };
		C644864C2D344C0100E1CEA5 /* TallMovieCell.swift in Sources */ = {isa = PBXBuildFile; fileRef = C64486492D344C0100E1CEA5 /* TallMovieCell.swift */; };
		C6BBFD722D352A8B006CC04E /* Cosmos in Frameworks */ = {isa = PBXBuildFile; productRef = C6BBFD712D352A8B006CC04E /* Cosmos */; };
		C6C16C0B2D35342A00450068 /* Movie.swift in Sources */ = {isa = PBXBuildFile; fileRef = C6C16C0A2D35342A00450068 /* Movie.swift */; };
		C6C16C0D2D35363C00450068 /* FirebaseService.swift in Sources */ = {isa = PBXBuildFile; fileRef = C6C16C0C2D35363C00450068 /* FirebaseService.swift */; };
		C6C16C112D353A7D00450068 /* Secrets.plist in Resources */ = {isa = PBXBuildFile; fileRef = C6C16C102D353A7D00450068 /* Secrets.plist */; };
		C6C16C152D355BA400450068 /* ImageService.swift in Sources */ = {isa = PBXBuildFile; fileRef = C6C16C142D355BA400450068 /* ImageService.swift */; };
		C6ECEB832D390CB30096E1E1 /* Animations.swift in Sources */ = {isa = PBXBuildFile; fileRef = C6ECEB822D390CB30096E1E1 /* Animations.swift */; };
		C6ECEB872D39327A0096E1E1 /* DetailedViewCell.xib in Resources */ = {isa = PBXBuildFile; fileRef = C6ECEB862D3932790096E1E1 /* DetailedViewCell.xib */; };
		C6ECEB882D39327A0096E1E1 /* DetailedViewCell.swift in Sources */ = {isa = PBXBuildFile; fileRef = C6ECEB852D3932790096E1E1 /* DetailedViewCell.swift */; };
		C6ECEB8A2D3A90330096E1E1 /* SliderCell.swift in Sources */ = {isa = PBXBuildFile; fileRef = C6ECEB892D3A90330096E1E1 /* SliderCell.swift */; };
/* End PBXBuildFile section */

/* Begin PBXFileReference section */
		C61030F42D348D35001C0F3D /* WideMovieCellContainer.swift */ = {isa = PBXFileReference; lastKnownFileType = sourcecode.swift; path = WideMovieCellContainer.swift; sourceTree = "<group>"; };
		C61030F52D348D35001C0F3D /* WideMovieCellContainer.xib */ = {isa = PBXFileReference; lastKnownFileType = file.xib; path = WideMovieCellContainer.xib; sourceTree = "<group>"; };
		C62826132D369D8400AA7762 /* Series.swift */ = {isa = PBXFileReference; lastKnownFileType = sourcecode.swift; path = Series.swift; sourceTree = "<group>"; };
		C628261C2D36D5C800AA7762 /* Notifications.swift */ = {isa = PBXFileReference; lastKnownFileType = sourcecode.swift; path = Notifications.swift; sourceTree = "<group>"; };
		C62826272D36FD2500AA7762 /* DetailVC.swift */ = {isa = PBXFileReference; lastKnownFileType = sourcecode.swift; path = DetailVC.swift; sourceTree = "<group>"; };
		C62826282D36FD2500AA7762 /* DetailVC.xib */ = {isa = PBXFileReference; lastKnownFileType = file.xib; path = DetailVC.xib; sourceTree = "<group>"; };
		C628262D2D37252B00AA7762 /* GetAPI.swift */ = {isa = PBXFileReference; lastKnownFileType = sourcecode.swift; path = GetAPI.swift; sourceTree = "<group>"; };
		C628262F2D37296B00AA7762 /* Genre.swift */ = {isa = PBXFileReference; lastKnownFileType = sourcecode.swift; path = Genre.swift; sourceTree = "<group>"; };
		C62826312D37338300AA7762 /* MovieService.swift */ = {isa = PBXFileReference; lastKnownFileType = sourcecode.swift; path = MovieService.swift; sourceTree = "<group>"; };
		C62826332D37339300AA7762 /* TVService.swift */ = {isa = PBXFileReference; lastKnownFileType = sourcecode.swift; path = TVService.swift; sourceTree = "<group>"; };
		C62826352D3733B300AA7762 /* Enums.swift */ = {isa = PBXFileReference; lastKnownFileType = sourcecode.swift; path = Enums.swift; sourceTree = "<group>"; };
		C62826372D37D07700AA7762 /* Videos.swift */ = {isa = PBXFileReference; lastKnownFileType = sourcecode.swift; path = Videos.swift; sourceTree = "<group>"; };
		C62826392D37E41B00AA7762 /* Launch.storyboard */ = {isa = PBXFileReference; lastKnownFileType = file.storyboard; path = Launch.storyboard; sourceTree = "<group>"; };
		C628263D2D384AD000AA7762 /* Protocols.swift */ = {isa = PBXFileReference; lastKnownFileType = sourcecode.swift; path = Protocols.swift; sourceTree = "<group>"; };
		C628263F2D387C4F00AA7762 /* Bookmark.swift */ = {isa = PBXFileReference; lastKnownFileType = sourcecode.swift; path = Bookmark.swift; sourceTree = "<group>"; };
		C64485F02D34042C00E1CEA5 /* TMDBApp.app */ = {isa = PBXFileReference; explicitFileType = wrapper.application; includeInIndex = 0; path = TMDBApp.app; sourceTree = BUILT_PRODUCTS_DIR; };
		C64486082D34050400E1CEA5 /* AppDelegate.swift */ = {isa = PBXFileReference; lastKnownFileType = sourcecode.swift; path = AppDelegate.swift; sourceTree = "<group>"; };
		C64486092D34050400E1CEA5 /* Assets.xcassets */ = {isa = PBXFileReference; lastKnownFileType = folder.assetcatalog; path = Assets.xcassets; sourceTree = "<group>"; };
		C644860A2D34050400E1CEA5 /* AuthVC.swift */ = {isa = PBXFileReference; lastKnownFileType = sourcecode.swift; path = AuthVC.swift; sourceTree = "<group>"; };
		C644860B2D34050400E1CEA5 /* Info.plist */ = {isa = PBXFileReference; lastKnownFileType = text.plist.xml; path = Info.plist; sourceTree = "<group>"; };
		C644860E2D34050400E1CEA5 /* SceneDelegate.swift */ = {isa = PBXFileReference; lastKnownFileType = sourcecode.swift; path = SceneDelegate.swift; sourceTree = "<group>"; };
		C644861C2D3405D700E1CEA5 /* AuthView.swift */ = {isa = PBXFileReference; lastKnownFileType = sourcecode.swift; path = AuthView.swift; sourceTree = "<group>"; };
		C64486212D34076800E1CEA5 /* SearchVC.swift */ = {isa = PBXFileReference; lastKnownFileType = sourcecode.swift; path = SearchVC.swift; sourceTree = "<group>"; };
		C64486232D34078400E1CEA5 /* TabVC.swift */ = {isa = PBXFileReference; lastKnownFileType = sourcecode.swift; path = TabVC.swift; sourceTree = "<group>"; };
		C644862A2D34149B00E1CEA5 /* GoogleService-Info.plist */ = {isa = PBXFileReference; lastKnownFileType = text.plist.xml; path = "GoogleService-Info.plist"; sourceTree = "<group>"; };
		C64486312D34243000E1CEA5 /* BookmarkView.swift */ = {isa = PBXFileReference; lastKnownFileType = sourcecode.swift; path = BookmarkView.swift; sourceTree = "<group>"; };
		C64486332D34243500E1CEA5 /* BookmarkVC.swift */ = {isa = PBXFileReference; lastKnownFileType = sourcecode.swift; path = BookmarkVC.swift; sourceTree = "<group>"; };
		C64486392D3438BF00E1CEA5 /* HomeScreenVC.swift */ = {isa = PBXFileReference; lastKnownFileType = sourcecode.swift; path = HomeScreenVC.swift; sourceTree = "<group>"; };
		C644863B2D3438D100E1CEA5 /* HomeScreenView.swift */ = {isa = PBXFileReference; lastKnownFileType = sourcecode.swift; path = HomeScreenView.swift; sourceTree = "<group>"; };
		C64486452D344BF000E1CEA5 /* WideMovieCell.swift */ = {isa = PBXFileReference; lastKnownFileType = sourcecode.swift; path = WideMovieCell.swift; sourceTree = "<group>"; };
		C64486462D344BF000E1CEA5 /* WideMovieCell.xib */ = {isa = PBXFileReference; lastKnownFileType = file.xib; path = WideMovieCell.xib; sourceTree = "<group>"; };
		C64486492D344C0100E1CEA5 /* TallMovieCell.swift */ = {isa = PBXFileReference; lastKnownFileType = sourcecode.swift; path = TallMovieCell.swift; sourceTree = "<group>"; };
		C644864A2D344C0100E1CEA5 /* TallMovieCell.xib */ = {isa = PBXFileReference; lastKnownFileType = file.xib; path = TallMovieCell.xib; sourceTree = "<group>"; };
		C6C16C0A2D35342A00450068 /* Movie.swift */ = {isa = PBXFileReference; lastKnownFileType = sourcecode.swift; path = Movie.swift; sourceTree = "<group>"; };
		C6C16C0C2D35363C00450068 /* FirebaseService.swift */ = {isa = PBXFileReference; lastKnownFileType = sourcecode.swift; path = FirebaseService.swift; sourceTree = "<group>"; };
		C6C16C102D353A7D00450068 /* Secrets.plist */ = {isa = PBXFileReference; lastKnownFileType = text.plist.xml; path = Secrets.plist; sourceTree = "<group>"; };
		C6C16C142D355BA400450068 /* ImageService.swift */ = {isa = PBXFileReference; lastKnownFileType = sourcecode.swift; path = ImageService.swift; sourceTree = "<group>"; };
		C6ECEB822D390CB30096E1E1 /* Animations.swift */ = {isa = PBXFileReference; lastKnownFileType = sourcecode.swift; path = Animations.swift; sourceTree = "<group>"; };
		C6ECEB852D3932790096E1E1 /* DetailedViewCell.swift */ = {isa = PBXFileReference; lastKnownFileType = sourcecode.swift; path = DetailedViewCell.swift; sourceTree = "<group>"; };
		C6ECEB862D3932790096E1E1 /* DetailedViewCell.xib */ = {isa = PBXFileReference; lastKnownFileType = file.xib; path = DetailedViewCell.xib; sourceTree = "<group>"; };
		C6ECEB892D3A90330096E1E1 /* SliderCell.swift */ = {isa = PBXFileReference; lastKnownFileType = sourcecode.swift; path = SliderCell.swift; sourceTree = "<group>"; };
/* End PBXFileReference section */

/* Begin PBXFrameworksBuildPhase section */
		C64485ED2D34042C00E1CEA5 /* Frameworks */ = {
			isa = PBXFrameworksBuildPhase;
			buildActionMask = 2147483647;
			files = (
				C6BBFD722D352A8B006CC04E /* Cosmos in Frameworks */,
				C64486292D34142600E1CEA5 /* FirebaseCore in Frameworks */,
				C64486272D34142600E1CEA5 /* FirebaseAuth in Frameworks */,
				C644862E2D34157600E1CEA5 /* GoogleSignIn in Frameworks */,
				C64486302D34157600E1CEA5 /* GoogleSignInSwift in Frameworks */,
				C628263C2D3805AA00AA7762 /* FirebaseFirestore in Frameworks */,
			);
			runOnlyForDeploymentPostprocessing = 0;
		};
/* End PBXFrameworksBuildPhase section */

/* Begin PBXGroup section */
		C62826172D36CE5900AA7762 /* WideContentController */ = {
			isa = PBXGroup;
			children = (
				C61030F42D348D35001C0F3D /* WideMovieCellContainer.swift */,
				C61030F52D348D35001C0F3D /* WideMovieCellContainer.xib */,
				C64486452D344BF000E1CEA5 /* WideMovieCell.swift */,
				C64486462D344BF000E1CEA5 /* WideMovieCell.xib */,
			);
			path = WideContentController;
			sourceTree = "<group>";
		};
		C62826182D36CEB400AA7762 /* TallContentCell */ = {
			isa = PBXGroup;
			children = (
				C64486492D344C0100E1CEA5 /* TallMovieCell.swift */,
				C644864A2D344C0100E1CEA5 /* TallMovieCell.xib */,
			);
			path = TallContentCell;
			sourceTree = "<group>";
		};
		C628261B2D36D5BF00AA7762 /* Helpers */ = {
			isa = PBXGroup;
			children = (
				C628261C2D36D5C800AA7762 /* Notifications.swift */,
				C628262D2D37252B00AA7762 /* GetAPI.swift */,
				C62826352D3733B300AA7762 /* Enums.swift */,
				C628263D2D384AD000AA7762 /* Protocols.swift */,
				C6ECEB822D390CB30096E1E1 /* Animations.swift */,
			);
			path = Helpers;
			sourceTree = "<group>";
		};
		C64485E72D34042C00E1CEA5 = {
			isa = PBXGroup;
			children = (
				C644860F2D34050400E1CEA5 /* TMDBApp */,
				C64485F12D34042C00E1CEA5 /* Products */,
			);
			sourceTree = "<group>";
		};
		C64485F12D34042C00E1CEA5 /* Products */ = {
			isa = PBXGroup;
			children = (
				C64485F02D34042C00E1CEA5 /* TMDBApp.app */,
			);
			name = Products;
			sourceTree = "<group>";
		};
		C644860F2D34050400E1CEA5 /* TMDBApp */ = {
			isa = PBXGroup;
			children = (
				C628261B2D36D5BF00AA7762 /* Helpers */,
				C644861B2D34053800E1CEA5 /* Resources */,
				C644861A2D34052F00E1CEA5 /* App */,
				C64486192D34051700E1CEA5 /* SupportingFiles */,
				C64486202D3406E700E1CEA5 /* Network */,
				C64486182D34050D00E1CEA5 /* Controller */,
				C64486172D34050900E1CEA5 /* View */,
				C64486162D34050600E1CEA5 /* Model */,
			);
			path = TMDBApp;
			sourceTree = "<group>";
		};
		C64486162D34050600E1CEA5 /* Model */ = {
			isa = PBXGroup;
			children = (
				C628262F2D37296B00AA7762 /* Genre.swift */,
				C6C16C0A2D35342A00450068 /* Movie.swift */,
				C62826132D369D8400AA7762 /* Series.swift */,
				C62826372D37D07700AA7762 /* Videos.swift */,
				C628263F2D387C4F00AA7762 /* Bookmark.swift */,
			);
			path = Model;
			sourceTree = "<group>";
		};
		C64486172D34050900E1CEA5 /* View */ = {
			isa = PBXGroup;
			children = (
				C644861C2D3405D700E1CEA5 /* AuthView.swift */,
				C644863B2D3438D100E1CEA5 /* HomeScreenView.swift */,
				C64486312D34243000E1CEA5 /* BookmarkView.swift */,
				C6ECEB892D3A90330096E1E1 /* SliderCell.swift */,
			);
			path = View;
			sourceTree = "<group>";
		};
		C64486182D34050D00E1CEA5 /* Controller */ = {
			isa = PBXGroup;
			children = (
				C644860A2D34050400E1CEA5 /* AuthVC.swift */,
				C64486392D3438BF00E1CEA5 /* HomeScreenVC.swift */,
				C64486212D34076800E1CEA5 /* SearchVC.swift */,
				C64486332D34243500E1CEA5 /* BookmarkVC.swift */,
				C64486232D34078400E1CEA5 /* TabVC.swift */,
				C64486412D34475300E1CEA5 /* HelperControllers */,
			);
			path = Controller;
			sourceTree = "<group>";
		};
		C64486192D34051700E1CEA5 /* SupportingFiles */ = {
			isa = PBXGroup;
			children = (
				C644862A2D34149B00E1CEA5 /* GoogleService-Info.plist */,
				C644860B2D34050400E1CEA5 /* Info.plist */,
				C6C16C102D353A7D00450068 /* Secrets.plist */,
				C62826392D37E41B00AA7762 /* Launch.storyboard */,
			);
			path = SupportingFiles;
			sourceTree = "<group>";
		};
		C644861A2D34052F00E1CEA5 /* App */ = {
			isa = PBXGroup;
			children = (
				C64486082D34050400E1CEA5 /* AppDelegate.swift */,
				C644860E2D34050400E1CEA5 /* SceneDelegate.swift */,
			);
			path = App;
			sourceTree = "<group>";
		};
		C644861B2D34053800E1CEA5 /* Resources */ = {
			isa = PBXGroup;
			children = (
				C64486092D34050400E1CEA5 /* Assets.xcassets */,
			);
			path = Resources;
			sourceTree = "<group>";
		};
		C64486202D3406E700E1CEA5 /* Network */ = {
			isa = PBXGroup;
			children = (
				C6C16C0C2D35363C00450068 /* FirebaseService.swift */,
				C6C16C142D355BA400450068 /* ImageService.swift */,
				C62826312D37338300AA7762 /* MovieService.swift */,
				C62826332D37339300AA7762 /* TVService.swift */,
			);
			path = Network;
			sourceTree = "<group>";
		};
		C64486412D34475300E1CEA5 /* HelperControllers */ = {
			isa = PBXGroup;
			children = (
				C62826272D36FD2500AA7762 /* DetailVC.swift */,
				C62826282D36FD2500AA7762 /* DetailVC.xib */,
				C6ECEB842D3931EC0096E1E1 /* DetailedContentCell */,
				C62826172D36CE5900AA7762 /* WideContentController */,
				C62826182D36CEB400AA7762 /* TallContentCell */,
			);
			path = HelperControllers;
			sourceTree = "<group>";
		};
		C6ECEB842D3931EC0096E1E1 /* DetailedContentCell */ = {
			isa = PBXGroup;
			children = (
				C6ECEB852D3932790096E1E1 /* DetailedViewCell.swift */,
				C6ECEB862D3932790096E1E1 /* DetailedViewCell.xib */,
			);
			path = DetailedContentCell;
			sourceTree = "<group>";
		};
/* End PBXGroup section */

/* Begin PBXNativeTarget section */
		C64485EF2D34042C00E1CEA5 /* TMDBApp */ = {
			isa = PBXNativeTarget;
			buildConfigurationList = C64486032D34042E00E1CEA5 /* Build configuration list for PBXNativeTarget "TMDBApp" */;
			buildPhases = (
				C64485EC2D34042C00E1CEA5 /* Sources */,
				C64485ED2D34042C00E1CEA5 /* Frameworks */,
				C64485EE2D34042C00E1CEA5 /* Resources */,
			);
			buildRules = (
			);
			dependencies = (
			);
			name = TMDBApp;
			packageProductDependencies = (
				C64486262D34142600E1CEA5 /* FirebaseAuth */,
				C64486282D34142600E1CEA5 /* FirebaseCore */,
				C644862D2D34157600E1CEA5 /* GoogleSignIn */,
				C644862F2D34157600E1CEA5 /* GoogleSignInSwift */,
				C6BBFD712D352A8B006CC04E /* Cosmos */,
				C628263B2D3805AA00AA7762 /* FirebaseFirestore */,
			);
			productName = TMDBApp;
			productReference = C64485F02D34042C00E1CEA5 /* TMDBApp.app */;
			productType = "com.apple.product-type.application";
		};
/* End PBXNativeTarget section */

/* Begin PBXProject section */
		C64485E82D34042C00E1CEA5 /* Project object */ = {
			isa = PBXProject;
			attributes = {
				BuildIndependentTargetsInParallel = 1;
				LastSwiftUpdateCheck = 1610;
				LastUpgradeCheck = 1610;
				TargetAttributes = {
					C64485EF2D34042C00E1CEA5 = {
						CreatedOnToolsVersion = 16.1;
					};
				};
			};
			buildConfigurationList = C64485EB2D34042C00E1CEA5 /* Build configuration list for PBXProject "TMDBApp" */;
			developmentRegion = en;
			hasScannedForEncodings = 0;
			knownRegions = (
				en,
				Base,
			);
			mainGroup = C64485E72D34042C00E1CEA5;
			minimizedProjectReferenceProxies = 1;
			packageReferences = (
				C64486252D34142600E1CEA5 /* XCRemoteSwiftPackageReference "firebase-ios-sdk" */,
				C644862C2D34157600E1CEA5 /* XCRemoteSwiftPackageReference "GoogleSignIn-iOS" */,
				C6BBFD702D352A8B006CC04E /* XCRemoteSwiftPackageReference "Cosmos" */,
			);
			preferredProjectObjectVersion = 77;
			productRefGroup = C64485F12D34042C00E1CEA5 /* Products */;
			projectDirPath = "";
			projectRoot = "";
			targets = (
				C64485EF2D34042C00E1CEA5 /* TMDBApp */,
			);
		};
/* End PBXProject section */

/* Begin PBXResourcesBuildPhase section */
		C64485EE2D34042C00E1CEA5 /* Resources */ = {
			isa = PBXResourcesBuildPhase;
			buildActionMask = 2147483647;
			files = (
				C64486102D34050400E1CEA5 /* Assets.xcassets in Resources */,
				C62826292D36FD2500AA7762 /* DetailVC.xib in Resources */,
				C628263A2D37E41B00AA7762 /* Launch.storyboard in Resources */,
				C6C16C112D353A7D00450068 /* Secrets.plist in Resources */,
				C644864B2D344C0100E1CEA5 /* TallMovieCell.xib in Resources */,
				C61030F72D348D35001C0F3D /* WideMovieCellContainer.xib in Resources */,
				C644862B2D34149B00E1CEA5 /* GoogleService-Info.plist in Resources */,
				C64486472D344BF000E1CEA5 /* WideMovieCell.xib in Resources */,
				C6ECEB872D39327A0096E1E1 /* DetailedViewCell.xib in Resources */,
			);
			runOnlyForDeploymentPostprocessing = 0;
		};
/* End PBXResourcesBuildPhase section */

/* Begin PBXSourcesBuildPhase section */
		C64485EC2D34042C00E1CEA5 /* Sources */ = {
			isa = PBXSourcesBuildPhase;
			buildActionMask = 2147483647;
			files = (
				C628261D2D36D5C800AA7762 /* Notifications.swift in Sources */,
				C64486132D34050400E1CEA5 /* AppDelegate.swift in Sources */,
				C6C16C0D2D35363C00450068 /* FirebaseService.swift in Sources */,
				C62826402D387C4F00AA7762 /* Bookmark.swift in Sources */,
				C61030F62D348D35001C0F3D /* WideMovieCellContainer.swift in Sources */,
				C62826322D37338300AA7762 /* MovieService.swift in Sources */,
				C64486242D34078400E1CEA5 /* TabVC.swift in Sources */,
				C62826142D369D8400AA7762 /* Series.swift in Sources */,
				C644863A2D3438BF00E1CEA5 /* HomeScreenVC.swift in Sources */,
				C62826302D37296B00AA7762 /* Genre.swift in Sources */,
				C64486142D34050400E1CEA5 /* AuthVC.swift in Sources */,
				C64486322D34243000E1CEA5 /* BookmarkView.swift in Sources */,
				C64486222D34076800E1CEA5 /* SearchVC.swift in Sources */,
				C644863C2D3438D100E1CEA5 /* HomeScreenView.swift in Sources */,
				C6ECEB832D390CB30096E1E1 /* Animations.swift in Sources */,
				C644861D2D3405D700E1CEA5 /* AuthView.swift in Sources */,
				C6ECEB8A2D3A90330096E1E1 /* SliderCell.swift in Sources */,
				C62826362D3733B300AA7762 /* Enums.swift in Sources */,
				C62826382D37D07700AA7762 /* Videos.swift in Sources */,
				C6C16C152D355BA400450068 /* ImageService.swift in Sources */,
				C64486482D344BF000E1CEA5 /* WideMovieCell.swift in Sources */,
				C644864C2D344C0100E1CEA5 /* TallMovieCell.swift in Sources */,
				C62826342D37339300AA7762 /* TVService.swift in Sources */,
				C628262E2D37252B00AA7762 /* GetAPI.swift in Sources */,
				C64486152D34050400E1CEA5 /* SceneDelegate.swift in Sources */,
				C6ECEB882D39327A0096E1E1 /* DetailedViewCell.swift in Sources */,
				C628263E2D384AD000AA7762 /* Protocols.swift in Sources */,
				C628262A2D36FD2500AA7762 /* DetailVC.swift in Sources */,
				C64486342D34243500E1CEA5 /* BookmarkVC.swift in Sources */,
				C6C16C0B2D35342A00450068 /* Movie.swift in Sources */,
			);
			runOnlyForDeploymentPostprocessing = 0;
		};
/* End PBXSourcesBuildPhase section */

/* Begin XCBuildConfiguration section */
		C64486042D34042E00E1CEA5 /* Debug */ = {
			isa = XCBuildConfiguration;
			buildSettings = {
				ASSETCATALOG_COMPILER_APPICON_NAME = AppIcon;
				ASSETCATALOG_COMPILER_GLOBAL_ACCENT_COLOR_NAME = AccentColor;
				CODE_SIGN_STYLE = Automatic;
				CURRENT_PROJECT_VERSION = 1;
				DEVELOPMENT_TEAM = J4QF7K26GP;
				GENERATE_INFOPLIST_FILE = YES;
				INFOPLIST_FILE = TMDBApp/SupportingFiles/Info.plist;
				INFOPLIST_KEY_UIApplicationSupportsIndirectInputEvents = YES;
				INFOPLIST_KEY_UILaunchScreen_Generation = YES;
				INFOPLIST_KEY_UILaunchStoryboardName = Launch.storyboard;
				INFOPLIST_KEY_UISupportedInterfaceOrientations_iPad = "UIInterfaceOrientationPortrait UIInterfaceOrientationPortraitUpsideDown UIInterfaceOrientationLandscapeLeft UIInterfaceOrientationLandscapeRight";
				INFOPLIST_KEY_UISupportedInterfaceOrientations_iPhone = "UIInterfaceOrientationPortrait UIInterfaceOrientationLandscapeLeft UIInterfaceOrientationLandscapeRight";
				LD_RUNPATH_SEARCH_PATHS = (
					"$(inherited)",
					"@executable_path/Frameworks",
				);
				MARKETING_VERSION = 1.0;
				PRODUCT_BUNDLE_IDENTIFIER = com.mertziya.TMDBApp;
				PRODUCT_NAME = "$(TARGET_NAME)";
				SWIFT_EMIT_LOC_STRINGS = YES;
				SWIFT_VERSION = 5.0;
				TARGETED_DEVICE_FAMILY = "1,2";
			};
			name = Debug;
		};
		C64486052D34042E00E1CEA5 /* Release */ = {
			isa = XCBuildConfiguration;
			buildSettings = {
				ASSETCATALOG_COMPILER_APPICON_NAME = AppIcon;
				ASSETCATALOG_COMPILER_GLOBAL_ACCENT_COLOR_NAME = AccentColor;
				CODE_SIGN_STYLE = Automatic;
				CURRENT_PROJECT_VERSION = 1;
				DEVELOPMENT_TEAM = J4QF7K26GP;
				GENERATE_INFOPLIST_FILE = YES;
				INFOPLIST_FILE = TMDBApp/SupportingFiles/Info.plist;
				INFOPLIST_KEY_UIApplicationSupportsIndirectInputEvents = YES;
				INFOPLIST_KEY_UILaunchScreen_Generation = YES;
				INFOPLIST_KEY_UILaunchStoryboardName = Launch.storyboard;
				INFOPLIST_KEY_UISupportedInterfaceOrientations_iPad = "UIInterfaceOrientationPortrait UIInterfaceOrientationPortraitUpsideDown UIInterfaceOrientationLandscapeLeft UIInterfaceOrientationLandscapeRight";
				INFOPLIST_KEY_UISupportedInterfaceOrientations_iPhone = "UIInterfaceOrientationPortrait UIInterfaceOrientationLandscapeLeft UIInterfaceOrientationLandscapeRight";
				LD_RUNPATH_SEARCH_PATHS = (
					"$(inherited)",
					"@executable_path/Frameworks",
				);
				MARKETING_VERSION = 1.0;
				PRODUCT_BUNDLE_IDENTIFIER = com.mertziya.TMDBApp;
				PRODUCT_NAME = "$(TARGET_NAME)";
				SWIFT_EMIT_LOC_STRINGS = YES;
				SWIFT_VERSION = 5.0;
				TARGETED_DEVICE_FAMILY = "1,2";
			};
			name = Release;
		};
		C64486062D34042E00E1CEA5 /* Debug */ = {
			isa = XCBuildConfiguration;
			buildSettings = {
				ALWAYS_SEARCH_USER_PATHS = NO;
				ASSETCATALOG_COMPILER_GENERATE_SWIFT_ASSET_SYMBOL_EXTENSIONS = YES;
				CLANG_ANALYZER_NONNULL = YES;
				CLANG_ANALYZER_NUMBER_OBJECT_CONVERSION = YES_AGGRESSIVE;
				CLANG_CXX_LANGUAGE_STANDARD = "gnu++20";
				CLANG_ENABLE_MODULES = YES;
				CLANG_ENABLE_OBJC_ARC = YES;
				CLANG_ENABLE_OBJC_WEAK = YES;
				CLANG_WARN_BLOCK_CAPTURE_AUTORELEASING = YES;
				CLANG_WARN_BOOL_CONVERSION = YES;
				CLANG_WARN_COMMA = YES;
				CLANG_WARN_CONSTANT_CONVERSION = YES;
				CLANG_WARN_DEPRECATED_OBJC_IMPLEMENTATIONS = YES;
				CLANG_WARN_DIRECT_OBJC_ISA_USAGE = YES_ERROR;
				CLANG_WARN_DOCUMENTATION_COMMENTS = YES;
				CLANG_WARN_EMPTY_BODY = YES;
				CLANG_WARN_ENUM_CONVERSION = YES;
				CLANG_WARN_INFINITE_RECURSION = YES;
				CLANG_WARN_INT_CONVERSION = YES;
				CLANG_WARN_NON_LITERAL_NULL_CONVERSION = YES;
				CLANG_WARN_OBJC_IMPLICIT_RETAIN_SELF = YES;
				CLANG_WARN_OBJC_LITERAL_CONVERSION = YES;
				CLANG_WARN_OBJC_ROOT_CLASS = YES_ERROR;
				CLANG_WARN_QUOTED_INCLUDE_IN_FRAMEWORK_HEADER = YES;
				CLANG_WARN_RANGE_LOOP_ANALYSIS = YES;
				CLANG_WARN_STRICT_PROTOTYPES = YES;
				CLANG_WARN_SUSPICIOUS_MOVE = YES;
				CLANG_WARN_UNGUARDED_AVAILABILITY = YES_AGGRESSIVE;
				CLANG_WARN_UNREACHABLE_CODE = YES;
				CLANG_WARN__DUPLICATE_METHOD_MATCH = YES;
				COPY_PHASE_STRIP = NO;
				DEBUG_INFORMATION_FORMAT = dwarf;
				ENABLE_STRICT_OBJC_MSGSEND = YES;
				ENABLE_TESTABILITY = YES;
				ENABLE_USER_SCRIPT_SANDBOXING = YES;
				GCC_C_LANGUAGE_STANDARD = gnu17;
				GCC_DYNAMIC_NO_PIC = NO;
				GCC_NO_COMMON_BLOCKS = YES;
				GCC_OPTIMIZATION_LEVEL = 0;
				GCC_PREPROCESSOR_DEFINITIONS = (
					"DEBUG=1",
					"$(inherited)",
				);
				GCC_WARN_64_TO_32_BIT_CONVERSION = YES;
				GCC_WARN_ABOUT_RETURN_TYPE = YES_ERROR;
				GCC_WARN_UNDECLARED_SELECTOR = YES;
				GCC_WARN_UNINITIALIZED_AUTOS = YES_AGGRESSIVE;
				GCC_WARN_UNUSED_FUNCTION = YES;
				GCC_WARN_UNUSED_VARIABLE = YES;
				INFOPLIST_KEY_UILaunchScreen_Generation = YES;
				INFOPLIST_KEY_UILaunchStoryboardName = "";
				IPHONEOS_DEPLOYMENT_TARGET = 18.1;
				LOCALIZATION_PREFERS_STRING_CATALOGS = YES;
				MTL_ENABLE_DEBUG_INFO = INCLUDE_SOURCE;
				MTL_FAST_MATH = YES;
				ONLY_ACTIVE_ARCH = YES;
				SDKROOT = iphoneos;
				SWIFT_ACTIVE_COMPILATION_CONDITIONS = "DEBUG $(inherited)";
				SWIFT_OPTIMIZATION_LEVEL = "-Onone";
			};
			name = Debug;
		};
		C64486072D34042E00E1CEA5 /* Release */ = {
			isa = XCBuildConfiguration;
			buildSettings = {
				ALWAYS_SEARCH_USER_PATHS = NO;
				ASSETCATALOG_COMPILER_GENERATE_SWIFT_ASSET_SYMBOL_EXTENSIONS = YES;
				CLANG_ANALYZER_NONNULL = YES;
				CLANG_ANALYZER_NUMBER_OBJECT_CONVERSION = YES_AGGRESSIVE;
				CLANG_CXX_LANGUAGE_STANDARD = "gnu++20";
				CLANG_ENABLE_MODULES = YES;
				CLANG_ENABLE_OBJC_ARC = YES;
				CLANG_ENABLE_OBJC_WEAK = YES;
				CLANG_WARN_BLOCK_CAPTURE_AUTORELEASING = YES;
				CLANG_WARN_BOOL_CONVERSION = YES;
				CLANG_WARN_COMMA = YES;
				CLANG_WARN_CONSTANT_CONVERSION = YES;
				CLANG_WARN_DEPRECATED_OBJC_IMPLEMENTATIONS = YES;
				CLANG_WARN_DIRECT_OBJC_ISA_USAGE = YES_ERROR;
				CLANG_WARN_DOCUMENTATION_COMMENTS = YES;
				CLANG_WARN_EMPTY_BODY = YES;
				CLANG_WARN_ENUM_CONVERSION = YES;
				CLANG_WARN_INFINITE_RECURSION = YES;
				CLANG_WARN_INT_CONVERSION = YES;
				CLANG_WARN_NON_LITERAL_NULL_CONVERSION = YES;
				CLANG_WARN_OBJC_IMPLICIT_RETAIN_SELF = YES;
				CLANG_WARN_OBJC_LITERAL_CONVERSION = YES;
				CLANG_WARN_OBJC_ROOT_CLASS = YES_ERROR;
				CLANG_WARN_QUOTED_INCLUDE_IN_FRAMEWORK_HEADER = YES;
				CLANG_WARN_RANGE_LOOP_ANALYSIS = YES;
				CLANG_WARN_STRICT_PROTOTYPES = YES;
				CLANG_WARN_SUSPICIOUS_MOVE = YES;
				CLANG_WARN_UNGUARDED_AVAILABILITY = YES_AGGRESSIVE;
				CLANG_WARN_UNREACHABLE_CODE = YES;
				CLANG_WARN__DUPLICATE_METHOD_MATCH = YES;
				COPY_PHASE_STRIP = NO;
				DEBUG_INFORMATION_FORMAT = "dwarf-with-dsym";
				ENABLE_NS_ASSERTIONS = NO;
				ENABLE_STRICT_OBJC_MSGSEND = YES;
				ENABLE_USER_SCRIPT_SANDBOXING = YES;
				GCC_C_LANGUAGE_STANDARD = gnu17;
				GCC_NO_COMMON_BLOCKS = YES;
				GCC_WARN_64_TO_32_BIT_CONVERSION = YES;
				GCC_WARN_ABOUT_RETURN_TYPE = YES_ERROR;
				GCC_WARN_UNDECLARED_SELECTOR = YES;
				GCC_WARN_UNINITIALIZED_AUTOS = YES_AGGRESSIVE;
				GCC_WARN_UNUSED_FUNCTION = YES;
				GCC_WARN_UNUSED_VARIABLE = YES;
				INFOPLIST_KEY_UILaunchScreen_Generation = YES;
				INFOPLIST_KEY_UILaunchStoryboardName = "";
				IPHONEOS_DEPLOYMENT_TARGET = 18.1;
				LOCALIZATION_PREFERS_STRING_CATALOGS = YES;
				MTL_ENABLE_DEBUG_INFO = NO;
				MTL_FAST_MATH = YES;
				SDKROOT = iphoneos;
				SWIFT_COMPILATION_MODE = wholemodule;
				VALIDATE_PRODUCT = YES;
			};
			name = Release;
		};
/* End XCBuildConfiguration section */

/* Begin XCConfigurationList section */
		C64485EB2D34042C00E1CEA5 /* Build configuration list for PBXProject "TMDBApp" */ = {
			isa = XCConfigurationList;
			buildConfigurations = (
				C64486062D34042E00E1CEA5 /* Debug */,
				C64486072D34042E00E1CEA5 /* Release */,
			);
			defaultConfigurationIsVisible = 0;
			defaultConfigurationName = Release;
		};
		C64486032D34042E00E1CEA5 /* Build configuration list for PBXNativeTarget "TMDBApp" */ = {
			isa = XCConfigurationList;
			buildConfigurations = (
				C64486042D34042E00E1CEA5 /* Debug */,
				C64486052D34042E00E1CEA5 /* Release */,
			);
			defaultConfigurationIsVisible = 0;
			defaultConfigurationName = Release;
		};
/* End XCConfigurationList section */

/* Begin XCRemoteSwiftPackageReference section */
		C64486252D34142600E1CEA5 /* XCRemoteSwiftPackageReference "firebase-ios-sdk" */ = {
			isa = XCRemoteSwiftPackageReference;
			repositoryURL = "https://github.com/firebase/firebase-ios-sdk";
			requirement = {
				kind = upToNextMajorVersion;
				minimumVersion = 11.6.0;
			};
		};
		C644862C2D34157600E1CEA5 /* XCRemoteSwiftPackageReference "GoogleSignIn-iOS" */ = {
			isa = XCRemoteSwiftPackageReference;
			repositoryURL = "https://github.com/google/GoogleSignIn-iOS.git";
			requirement = {
				kind = upToNextMajorVersion;
				minimumVersion = 8.0.0;
			};
		};
		C6BBFD702D352A8B006CC04E /* XCRemoteSwiftPackageReference "Cosmos" */ = {
			isa = XCRemoteSwiftPackageReference;
			repositoryURL = "https://github.com/evgenyneu/Cosmos.git";
			requirement = {
				kind = upToNextMajorVersion;
				minimumVersion = 25.0.1;
			};
		};
/* End XCRemoteSwiftPackageReference section */

/* Begin XCSwiftPackageProductDependency section */
		C628263B2D3805AA00AA7762 /* FirebaseFirestore */ = {
			isa = XCSwiftPackageProductDependency;
			productName = FirebaseFirestore;
		};
		C64486262D34142600E1CEA5 /* FirebaseAuth */ = {
			isa = XCSwiftPackageProductDependency;
			package = C64486252D34142600E1CEA5 /* XCRemoteSwiftPackageReference "firebase-ios-sdk" */;
			productName = FirebaseAuth;
		};
		C64486282D34142600E1CEA5 /* FirebaseCore */ = {
			isa = XCSwiftPackageProductDependency;
			package = C64486252D34142600E1CEA5 /* XCRemoteSwiftPackageReference "firebase-ios-sdk" */;
			productName = FirebaseCore;
		};
		C644862D2D34157600E1CEA5 /* GoogleSignIn */ = {
			isa = XCSwiftPackageProductDependency;
			package = C644862C2D34157600E1CEA5 /* XCRemoteSwiftPackageReference "GoogleSignIn-iOS" */;
			productName = GoogleSignIn;
		};
		C644862F2D34157600E1CEA5 /* GoogleSignInSwift */ = {
			isa = XCSwiftPackageProductDependency;
			package = C644862C2D34157600E1CEA5 /* XCRemoteSwiftPackageReference "GoogleSignIn-iOS" */;
			productName = GoogleSignInSwift;
		};
		C6BBFD712D352A8B006CC04E /* Cosmos */ = {
			isa = XCSwiftPackageProductDependency;
			package = C6BBFD702D352A8B006CC04E /* XCRemoteSwiftPackageReference "Cosmos" */;
			productName = Cosmos;
		};
/* End XCSwiftPackageProductDependency section */
	};
	rootObject = C64485E82D34042C00E1CEA5 /* Project object */;
}
